// !$*UTF8*$!
{
	archiveVersion = 1;
	classes = {
	};
	objectVersion = 48;
	objects = {

/* Begin PBXBuildFile section */
		4011D5DF2051CED100D3B262 /* AppDelegate.swift in Sources */ = {isa = PBXBuildFile; fileRef = 4011D5DE2051CED100D3B262 /* AppDelegate.swift */; };
		4011D5E62051CED100D3B262 /* Assets.xcassets in Resources */ = {isa = PBXBuildFile; fileRef = 4011D5E52051CED100D3B262 /* Assets.xcassets */; };
		4011D5F42051CED100D3B262 /* EverpobreTests.swift in Sources */ = {isa = PBXBuildFile; fileRef = 4011D5F32051CED100D3B262 /* EverpobreTests.swift */; };
		4011D5FF2051CF2A00D3B262 /* Launch Screen.storyboard in Resources */ = {isa = PBXBuildFile; fileRef = 4011D5FE2051CF2A00D3B262 /* Launch Screen.storyboard */; };
		40264E302088034400F0E256 /* Everpobre.xcdatamodeld in Sources */ = {isa = PBXBuildFile; fileRef = 40264E2E2088034400F0E256 /* Everpobre.xcdatamodeld */; };
		4028E5D92088DED900C3812D /* BlankViewController.swift in Sources */ = {isa = PBXBuildFile; fileRef = 4028E5D72088DED900C3812D /* BlankViewController.swift */; };
		4028E5DA2088DED900C3812D /* BlankViewController.xib in Resources */ = {isa = PBXBuildFile; fileRef = 4028E5D82088DED900C3812D /* BlankViewController.xib */; };
		4028E5DD2088E21300C3812D /* UISplitViewController+Additions.swift in Sources */ = {isa = PBXBuildFile; fileRef = 4028E5DC2088E21300C3812D /* UISplitViewController+Additions.swift */; };
		40577A06208777E90075E2BE /* CoreDataContainer.swift in Sources */ = {isa = PBXBuildFile; fileRef = 40577A05208777E90075E2BE /* CoreDataContainer.swift */; };
		409A32A4208A06050032F881 /* NoteViewController+Events.swift in Sources */ = {isa = PBXBuildFile; fileRef = 409A32A3208A06050032F881 /* NoteViewController+Events.swift */; };
		409A32A6208A063B0032F881 /* NoteViewController+Gestures.swift in Sources */ = {isa = PBXBuildFile; fileRef = 409A32A5208A063B0032F881 /* NoteViewController+Gestures.swift */; };
		409A32A8208A06B80032F881 /* NoteViewController+Delegates.swift in Sources */ = {isa = PBXBuildFile; fileRef = 409A32A7208A06B80032F881 /* NoteViewController+Delegates.swift */; };
		409A32AA208A07670032F881 /* NoteImageViewController+Gestures.swift in Sources */ = {isa = PBXBuildFile; fileRef = 409A32A9208A07670032F881 /* NoteImageViewController+Gestures.swift */; };
		409A32AE208A0C0D0032F881 /* LocationViewController.swift in Sources */ = {isa = PBXBuildFile; fileRef = 409A32AC208A0C0D0032F881 /* LocationViewController.swift */; };
		409A32AF208A0C0D0032F881 /* LocationViewController.xib in Resources */ = {isa = PBXBuildFile; fileRef = 409A32AD208A0C0D0032F881 /* LocationViewController.xib */; };
		409A32B1208A29D20032F881 /* gpsFixed.png in Resources */ = {isa = PBXBuildFile; fileRef = 409A32B0208A29D20032F881 /* gpsFixed.png */; };
		409A32B4208AAA4B0032F881 /* LocationViewController+Gestures.swift in Sources */ = {isa = PBXBuildFile; fileRef = 409A32B3208AAA4B0032F881 /* LocationViewController+Gestures.swift */; };
		409A32B6208AAA570032F881 /* LocationViewController+Delegates.swift in Sources */ = {isa = PBXBuildFile; fileRef = 409A32B5208AAA570032F881 /* LocationViewController+Delegates.swift */; };
		409A32B9208AAD390032F881 /* Localizable.strings in Resources */ = {isa = PBXBuildFile; fileRef = 409A32BB208AAD390032F881 /* Localizable.strings */; };
		409A32C1208B68A90032F881 /* NotebookCell.swift in Sources */ = {isa = PBXBuildFile; fileRef = 409A32C0208B68A90032F881 /* NotebookCell.swift */; };
		409A32C3208B8F3D0032F881 /* NotebookHeader.swift in Sources */ = {isa = PBXBuildFile; fileRef = 409A32C2208B8F3D0032F881 /* NotebookHeader.swift */; };
		409A32C9208B95A40032F881 /* addBook.png in Resources */ = {isa = PBXBuildFile; fileRef = 409A32C4208B95A30032F881 /* addBook.png */; };
		409A32CA208B95A40032F881 /* noDefaultNotebook.png in Resources */ = {isa = PBXBuildFile; fileRef = 409A32C5208B95A30032F881 /* noDefaultNotebook.png */; };
		409A32CB208B95A40032F881 /* defaultNotebook.png in Resources */ = {isa = PBXBuildFile; fileRef = 409A32C6208B95A30032F881 /* defaultNotebook.png */; };
		409A32CC208B95A40032F881 /* addNote.png in Resources */ = {isa = PBXBuildFile; fileRef = 409A32C7208B95A30032F881 /* addNote.png */; };
		409A32CD208B95A40032F881 /* delete.png in Resources */ = {isa = PBXBuildFile; fileRef = 409A32C8208B95A40032F881 /* delete.png */; };
		409A32CF208BA8300032F881 /* edit.png in Resources */ = {isa = PBXBuildFile; fileRef = 409A32CE208BA8300032F881 /* edit.png */; };
		409A32D1208BA99E0032F881 /* NotebooksTableViewController+Datasource.swift in Sources */ = {isa = PBXBuildFile; fileRef = 409A32D0208BA99E0032F881 /* NotebooksTableViewController+Datasource.swift */; };
		409A32D3208BA9D20032F881 /* NotebooksTableViewController+Delegates.swift in Sources */ = {isa = PBXBuildFile; fileRef = 409A32D2208BA9D20032F881 /* NotebooksTableViewController+Delegates.swift */; };
		409D5BB32078E0A000690C4B /* NotebooksTableViewController.swift in Sources */ = {isa = PBXBuildFile; fileRef = 409D5BB22078E0A000690C4B /* NotebooksTableViewController.swift */; };
		409D5BB52078E94E00690C4B /* NoteViewController.swift in Sources */ = {isa = PBXBuildFile; fileRef = 409D5BB42078E94E00690C4B /* NoteViewController.swift */; };
		409D5BBB207A245000690C4B /* SkyFloatingLabelTextField.framework in Frameworks */ = {isa = PBXBuildFile; fileRef = 409D5BBA207A245000690C4B /* SkyFloatingLabelTextField.framework */; };
		409D5BBD207A245500690C4B /* WSTagsField.framework in Frameworks */ = {isa = PBXBuildFile; fileRef = 409D5BBC207A245500690C4B /* WSTagsField.framework */; };
		409E2E7D208516E100BDB7EB /* NoteImageViewController.swift in Sources */ = {isa = PBXBuildFile; fileRef = 409E2E7C208516E100BDB7EB /* NoteImageViewController.swift */; };
		40A025B820879500009B74DF /* Note.swift in Sources */ = {isa = PBXBuildFile; fileRef = 40A025B220879500009B74DF /* Note.swift */; };
		40A025B920879500009B74DF /* Notebook.swift in Sources */ = {isa = PBXBuildFile; fileRef = 40A025B320879500009B74DF /* Notebook.swift */; };
		40A025BA20879500009B74DF /* _Notebook.swift in Sources */ = {isa = PBXBuildFile; fileRef = 40A025B420879500009B74DF /* _Notebook.swift */; };
		40A025BB20879500009B74DF /* _NoteImage.swift in Sources */ = {isa = PBXBuildFile; fileRef = 40A025B520879500009B74DF /* _NoteImage.swift */; };
		40A025BC20879500009B74DF /* NoteImage.swift in Sources */ = {isa = PBXBuildFile; fileRef = 40A025B620879500009B74DF /* NoteImage.swift */; };
		40A025BD20879500009B74DF /* _Note.swift in Sources */ = {isa = PBXBuildFile; fileRef = 40A025B720879500009B74DF /* _Note.swift */; };
		40F7E9D5208BD91D0078A218 /* NoteViewController+Datasource.swift in Sources */ = {isa = PBXBuildFile; fileRef = 40F7E9D4208BD91D0078A218 /* NoteViewController+Datasource.swift */; };
/* End PBXBuildFile section */

/* Begin PBXContainerItemProxy section */
		4011D5F02051CED100D3B262 /* PBXContainerItemProxy */ = {
			isa = PBXContainerItemProxy;
			containerPortal = 4011D5D32051CED100D3B262 /* Project object */;
			proxyType = 1;
			remoteGlobalIDString = 4011D5DA2051CED100D3B262;
			remoteInfo = Everpobre;
		};
/* End PBXContainerItemProxy section */

/* Begin PBXFileReference section */
		4011D5DB2051CED100D3B262 /* Everpobre.app */ = {isa = PBXFileReference; explicitFileType = wrapper.application; includeInIndex = 0; path = Everpobre.app; sourceTree = BUILT_PRODUCTS_DIR; };
		4011D5DE2051CED100D3B262 /* AppDelegate.swift */ = {isa = PBXFileReference; lastKnownFileType = sourcecode.swift; path = AppDelegate.swift; sourceTree = "<group>"; };
		4011D5E52051CED100D3B262 /* Assets.xcassets */ = {isa = PBXFileReference; lastKnownFileType = folder.assetcatalog; path = Assets.xcassets; sourceTree = "<group>"; };
		4011D5EA2051CED100D3B262 /* Info.plist */ = {isa = PBXFileReference; lastKnownFileType = text.plist.xml; path = Info.plist; sourceTree = "<group>"; };
		4011D5EF2051CED100D3B262 /* EverpobreTests.xctest */ = {isa = PBXFileReference; explicitFileType = wrapper.cfbundle; includeInIndex = 0; path = EverpobreTests.xctest; sourceTree = BUILT_PRODUCTS_DIR; };
		4011D5F32051CED100D3B262 /* EverpobreTests.swift */ = {isa = PBXFileReference; lastKnownFileType = sourcecode.swift; path = EverpobreTests.swift; sourceTree = "<group>"; };
		4011D5F52051CED100D3B262 /* Info.plist */ = {isa = PBXFileReference; lastKnownFileType = text.plist.xml; path = Info.plist; sourceTree = "<group>"; };
		4011D5FE2051CF2A00D3B262 /* Launch Screen.storyboard */ = {isa = PBXFileReference; lastKnownFileType = file.storyboard; path = "Launch Screen.storyboard"; sourceTree = "<group>"; };
		40264E2F2088034400F0E256 /* Model.xcdatamodel */ = {isa = PBXFileReference; lastKnownFileType = wrapper.xcdatamodel; path = Model.xcdatamodel; sourceTree = "<group>"; };
		4028E5D72088DED900C3812D /* BlankViewController.swift */ = {isa = PBXFileReference; lastKnownFileType = sourcecode.swift; path = BlankViewController.swift; sourceTree = "<group>"; };
		4028E5D82088DED900C3812D /* BlankViewController.xib */ = {isa = PBXFileReference; lastKnownFileType = file.xib; path = BlankViewController.xib; sourceTree = "<group>"; };
		4028E5DC2088E21300C3812D /* UISplitViewController+Additions.swift */ = {isa = PBXFileReference; lastKnownFileType = sourcecode.swift; path = "UISplitViewController+Additions.swift"; sourceTree = "<group>"; };
		40577A05208777E90075E2BE /* CoreDataContainer.swift */ = {isa = PBXFileReference; lastKnownFileType = sourcecode.swift; path = CoreDataContainer.swift; sourceTree = "<group>"; };
		409A32A3208A06050032F881 /* NoteViewController+Events.swift */ = {isa = PBXFileReference; lastKnownFileType = sourcecode.swift; path = "NoteViewController+Events.swift"; sourceTree = "<group>"; };
		409A32A5208A063B0032F881 /* NoteViewController+Gestures.swift */ = {isa = PBXFileReference; lastKnownFileType = sourcecode.swift; path = "NoteViewController+Gestures.swift"; sourceTree = "<group>"; };
		409A32A7208A06B80032F881 /* NoteViewController+Delegates.swift */ = {isa = PBXFileReference; lastKnownFileType = sourcecode.swift; path = "NoteViewController+Delegates.swift"; sourceTree = "<group>"; };
		409A32A9208A07670032F881 /* NoteImageViewController+Gestures.swift */ = {isa = PBXFileReference; lastKnownFileType = sourcecode.swift; path = "NoteImageViewController+Gestures.swift"; sourceTree = "<group>"; };
		409A32AC208A0C0D0032F881 /* LocationViewController.swift */ = {isa = PBXFileReference; lastKnownFileType = sourcecode.swift; path = LocationViewController.swift; sourceTree = "<group>"; };
		409A32AD208A0C0D0032F881 /* LocationViewController.xib */ = {isa = PBXFileReference; lastKnownFileType = file.xib; path = LocationViewController.xib; sourceTree = "<group>"; };
		409A32B0208A29D20032F881 /* gpsFixed.png */ = {isa = PBXFileReference; lastKnownFileType = image.png; path = gpsFixed.png; sourceTree = "<group>"; };
		409A32B3208AAA4B0032F881 /* LocationViewController+Gestures.swift */ = {isa = PBXFileReference; lastKnownFileType = sourcecode.swift; path = "LocationViewController+Gestures.swift"; sourceTree = "<group>"; };
		409A32B5208AAA570032F881 /* LocationViewController+Delegates.swift */ = {isa = PBXFileReference; lastKnownFileType = sourcecode.swift; path = "LocationViewController+Delegates.swift"; sourceTree = "<group>"; };
		409A32BD208AAD670032F881 /* Base */ = {isa = PBXFileReference; lastKnownFileType = text.plist.strings; name = Base; path = Base.lproj/Localizable.strings; sourceTree = "<group>"; };
		409A32C0208B68A90032F881 /* NotebookCell.swift */ = {isa = PBXFileReference; lastKnownFileType = sourcecode.swift; path = NotebookCell.swift; sourceTree = "<group>"; };
		409A32C2208B8F3D0032F881 /* NotebookHeader.swift */ = {isa = PBXFileReference; lastKnownFileType = sourcecode.swift; path = NotebookHeader.swift; sourceTree = "<group>"; };
		409A32C4208B95A30032F881 /* addBook.png */ = {isa = PBXFileReference; lastKnownFileType = image.png; path = addBook.png; sourceTree = "<group>"; };
		409A32C5208B95A30032F881 /* noDefaultNotebook.png */ = {isa = PBXFileReference; lastKnownFileType = image.png; path = noDefaultNotebook.png; sourceTree = "<group>"; };
		409A32C6208B95A30032F881 /* defaultNotebook.png */ = {isa = PBXFileReference; lastKnownFileType = image.png; path = defaultNotebook.png; sourceTree = "<group>"; };
		409A32C7208B95A30032F881 /* addNote.png */ = {isa = PBXFileReference; lastKnownFileType = image.png; path = addNote.png; sourceTree = "<group>"; };
		409A32C8208B95A40032F881 /* delete.png */ = {isa = PBXFileReference; lastKnownFileType = image.png; path = delete.png; sourceTree = "<group>"; };
		409A32CE208BA8300032F881 /* edit.png */ = {isa = PBXFileReference; lastKnownFileType = image.png; path = edit.png; sourceTree = "<group>"; };
		409A32D0208BA99E0032F881 /* NotebooksTableViewController+Datasource.swift */ = {isa = PBXFileReference; lastKnownFileType = sourcecode.swift; path = "NotebooksTableViewController+Datasource.swift"; sourceTree = "<group>"; };
		409A32D2208BA9D20032F881 /* NotebooksTableViewController+Delegates.swift */ = {isa = PBXFileReference; lastKnownFileType = sourcecode.swift; path = "NotebooksTableViewController+Delegates.swift"; sourceTree = "<group>"; };
		409D5BB22078E0A000690C4B /* NotebooksTableViewController.swift */ = {isa = PBXFileReference; lastKnownFileType = sourcecode.swift; path = NotebooksTableViewController.swift; sourceTree = "<group>"; };
		409D5BB42078E94E00690C4B /* NoteViewController.swift */ = {isa = PBXFileReference; lastKnownFileType = sourcecode.swift; path = NoteViewController.swift; sourceTree = "<group>"; };
		409D5BBA207A245000690C4B /* SkyFloatingLabelTextField.framework */ = {isa = PBXFileReference; lastKnownFileType = wrapper.framework; name = SkyFloatingLabelTextField.framework; path = Carthage/Build/iOS/SkyFloatingLabelTextField.framework; sourceTree = "<group>"; };
		409D5BBC207A245500690C4B /* WSTagsField.framework */ = {isa = PBXFileReference; lastKnownFileType = wrapper.framework; name = WSTagsField.framework; path = Carthage/Build/iOS/WSTagsField.framework; sourceTree = "<group>"; };
		409E2E7C208516E100BDB7EB /* NoteImageViewController.swift */ = {isa = PBXFileReference; lastKnownFileType = sourcecode.swift; path = NoteImageViewController.swift; sourceTree = "<group>"; };
		40A025B220879500009B74DF /* Note.swift */ = {isa = PBXFileReference; fileEncoding = 4; lastKnownFileType = sourcecode.swift; path = Note.swift; sourceTree = "<group>"; };
		40A025B320879500009B74DF /* Notebook.swift */ = {isa = PBXFileReference; fileEncoding = 4; lastKnownFileType = sourcecode.swift; path = Notebook.swift; sourceTree = "<group>"; };
		40A025B420879500009B74DF /* _Notebook.swift */ = {isa = PBXFileReference; fileEncoding = 4; lastKnownFileType = sourcecode.swift; path = _Notebook.swift; sourceTree = "<group>"; };
		40A025B520879500009B74DF /* _NoteImage.swift */ = {isa = PBXFileReference; fileEncoding = 4; lastKnownFileType = sourcecode.swift; path = _NoteImage.swift; sourceTree = "<group>"; };
		40A025B620879500009B74DF /* NoteImage.swift */ = {isa = PBXFileReference; fileEncoding = 4; lastKnownFileType = sourcecode.swift; path = NoteImage.swift; sourceTree = "<group>"; };
		40A025B720879500009B74DF /* _Note.swift */ = {isa = PBXFileReference; fileEncoding = 4; lastKnownFileType = sourcecode.swift; path = _Note.swift; sourceTree = "<group>"; };
		40F7E9D4208BD91D0078A218 /* NoteViewController+Datasource.swift */ = {isa = PBXFileReference; lastKnownFileType = sourcecode.swift; path = "NoteViewController+Datasource.swift"; sourceTree = "<group>"; };
		40F7E9D7208CF7DA0078A218 /* es */ = {isa = PBXFileReference; lastKnownFileType = text.plist.strings; name = es; path = es.lproj/Localizable.strings; sourceTree = "<group>"; };
/* End PBXFileReference section */

/* Begin PBXFrameworksBuildPhase section */
		4011D5D82051CED100D3B262 /* Frameworks */ = {
			isa = PBXFrameworksBuildPhase;
			buildActionMask = 2147483647;
			files = (
				409D5BBB207A245000690C4B /* SkyFloatingLabelTextField.framework in Frameworks */,
				409D5BBD207A245500690C4B /* WSTagsField.framework in Frameworks */,
			);
			runOnlyForDeploymentPostprocessing = 0;
		};
		4011D5EC2051CED100D3B262 /* Frameworks */ = {
			isa = PBXFrameworksBuildPhase;
			buildActionMask = 2147483647;
			files = (
			);
			runOnlyForDeploymentPostprocessing = 0;
		};
/* End PBXFrameworksBuildPhase section */

/* Begin PBXGroup section */
		4011D5D22051CED100D3B262 = {
			isa = PBXGroup;
			children = (
				4011D5DD2051CED100D3B262 /* Everpobre */,
				4011D5F22051CED100D3B262 /* EverpobreTests */,
				4011D5DC2051CED100D3B262 /* Products */,
				409D5BB9207A245000690C4B /* Frameworks */,
			);
			sourceTree = "<group>";
		};
		4011D5DC2051CED100D3B262 /* Products */ = {
			isa = PBXGroup;
			children = (
				4011D5DB2051CED100D3B262 /* Everpobre.app */,
				4011D5EF2051CED100D3B262 /* EverpobreTests.xctest */,
			);
			name = Products;
			sourceTree = "<group>";
		};
		4011D5DD2051CED100D3B262 /* Everpobre */ = {
			isa = PBXGroup;
			children = (
				409A32BC208AAD540032F881 /* Strings */,
				409A32B2208A29E20032F881 /* Assets */,
				4028E5DB2088E1E600C3812D /* UIKitExtensions */,
				4028E5D62088DEA900C3812D /* BlankView */,
				409E2E7B2085156E00BDB7EB /* Notebook */,
				409E2E7A2085156400BDB7EB /* Note */,
				4030A7FC205717DB00AFE359 /* Model */,
				4011D5DE2051CED100D3B262 /* AppDelegate.swift */,
				4011D5E52051CED100D3B262 /* Assets.xcassets */,
				4011D5FE2051CF2A00D3B262 /* Launch Screen.storyboard */,
				4011D5EA2051CED100D3B262 /* Info.plist */,
			);
			path = Everpobre;
			sourceTree = "<group>";
		};
		4011D5F22051CED100D3B262 /* EverpobreTests */ = {
			isa = PBXGroup;
			children = (
				4011D5F32051CED100D3B262 /* EverpobreTests.swift */,
				4011D5F52051CED100D3B262 /* Info.plist */,
			);
			path = EverpobreTests;
			sourceTree = "<group>";
		};
		4028E5D62088DEA900C3812D /* BlankView */ = {
			isa = PBXGroup;
			children = (
				4028E5D72088DED900C3812D /* BlankViewController.swift */,
				4028E5D82088DED900C3812D /* BlankViewController.xib */,
			);
			path = BlankView;
			sourceTree = "<group>";
		};
		4028E5DB2088E1E600C3812D /* UIKitExtensions */ = {
			isa = PBXGroup;
			children = (
				4028E5DC2088E21300C3812D /* UISplitViewController+Additions.swift */,
			);
			path = UIKitExtensions;
			sourceTree = "<group>";
		};
		4030A7FC205717DB00AFE359 /* Model */ = {
			isa = PBXGroup;
			children = (
				40A025B720879500009B74DF /* _Note.swift */,
				40A025B420879500009B74DF /* _Notebook.swift */,
				40A025B520879500009B74DF /* _NoteImage.swift */,
				40A025B220879500009B74DF /* Note.swift */,
				40A025B320879500009B74DF /* Notebook.swift */,
				40A025B620879500009B74DF /* NoteImage.swift */,
				40577A05208777E90075E2BE /* CoreDataContainer.swift */,
				40264E2E2088034400F0E256 /* Everpobre.xcdatamodeld */,
			);
			path = Model;
			sourceTree = "<group>";
		};
		409A32AB208A0BEF0032F881 /* LocationViewController */ = {
			isa = PBXGroup;
			children = (
				409A32AC208A0C0D0032F881 /* LocationViewController.swift */,
				409A32B5208AAA570032F881 /* LocationViewController+Delegates.swift */,
				409A32B3208AAA4B0032F881 /* LocationViewController+Gestures.swift */,
				409A32AD208A0C0D0032F881 /* LocationViewController.xib */,
			);
			path = LocationViewController;
			sourceTree = "<group>";
		};
		409A32B2208A29E20032F881 /* Assets */ = {
			isa = PBXGroup;
			children = (
				409A32B0208A29D20032F881 /* gpsFixed.png */,
				409A32C4208B95A30032F881 /* addBook.png */,
				409A32C7208B95A30032F881 /* addNote.png */,
				409A32C6208B95A30032F881 /* defaultNotebook.png */,
				409A32C8208B95A40032F881 /* delete.png */,
				409A32CE208BA8300032F881 /* edit.png */,
				409A32C5208B95A30032F881 /* noDefaultNotebook.png */,
			);
			path = Assets;
			sourceTree = "<group>";
		};
		409A32BC208AAD540032F881 /* Strings */ = {
			isa = PBXGroup;
			children = (
				409A32BB208AAD390032F881 /* Localizable.strings */,
			);
			path = Strings;
			sourceTree = "<group>";
		};
		409D5BB9207A245000690C4B /* Frameworks */ = {
			isa = PBXGroup;
			children = (
				409D5BBC207A245500690C4B /* WSTagsField.framework */,
				409D5BBA207A245000690C4B /* SkyFloatingLabelTextField.framework */,
			);
			name = Frameworks;
			sourceTree = "<group>";
		};
		409E2E7A2085156400BDB7EB /* Note */ = {
			isa = PBXGroup;
			children = (
				409A32AB208A0BEF0032F881 /* LocationViewController */,
				409E2E7E208516EA00BDB7EB /* NoteImageViewController */,
				409D5BB42078E94E00690C4B /* NoteViewController.swift */,
				409A32A3208A06050032F881 /* NoteViewController+Events.swift */,
				409A32A5208A063B0032F881 /* NoteViewController+Gestures.swift */,
				409A32A7208A06B80032F881 /* NoteViewController+Delegates.swift */,
				40F7E9D4208BD91D0078A218 /* NoteViewController+Datasource.swift */,
			);
			path = Note;
			sourceTree = "<group>";
		};
		409E2E7B2085156E00BDB7EB /* Notebook */ = {
			isa = PBXGroup;
			children = (
				409D5BB22078E0A000690C4B /* NotebooksTableViewController.swift */,
				409A32D0208BA99E0032F881 /* NotebooksTableViewController+Datasource.swift */,
				409A32D2208BA9D20032F881 /* NotebooksTableViewController+Delegates.swift */,
				409A32C0208B68A90032F881 /* NotebookCell.swift */,
				409A32C2208B8F3D0032F881 /* NotebookHeader.swift */,
			);
			path = Notebook;
			sourceTree = "<group>";
		};
		409E2E7E208516EA00BDB7EB /* NoteImageViewController */ = {
			isa = PBXGroup;
			children = (
				409E2E7C208516E100BDB7EB /* NoteImageViewController.swift */,
				409A32A9208A07670032F881 /* NoteImageViewController+Gestures.swift */,
			);
			path = NoteImageViewController;
			sourceTree = "<group>";
		};
/* End PBXGroup section */

/* Begin PBXNativeTarget section */
		4011D5DA2051CED100D3B262 /* Everpobre */ = {
			isa = PBXNativeTarget;
			buildConfigurationList = 4011D5F82051CED100D3B262 /* Build configuration list for PBXNativeTarget "Everpobre" */;
			buildPhases = (
				4011D5D72051CED100D3B262 /* Sources */,
				4011D5D82051CED100D3B262 /* Frameworks */,
				4011D5D92051CED100D3B262 /* Resources */,
				409D5BBE207A255C00690C4B /* ShellScript */,
			);
			buildRules = (
			);
			dependencies = (
			);
			name = Everpobre;
			productName = Everpobre;
			productReference = 4011D5DB2051CED100D3B262 /* Everpobre.app */;
			productType = "com.apple.product-type.application";
		};
		4011D5EE2051CED100D3B262 /* EverpobreTests */ = {
			isa = PBXNativeTarget;
			buildConfigurationList = 4011D5FB2051CED100D3B262 /* Build configuration list for PBXNativeTarget "EverpobreTests" */;
			buildPhases = (
				4011D5EB2051CED100D3B262 /* Sources */,
				4011D5EC2051CED100D3B262 /* Frameworks */,
				4011D5ED2051CED100D3B262 /* Resources */,
			);
			buildRules = (
			);
			dependencies = (
				4011D5F12051CED100D3B262 /* PBXTargetDependency */,
			);
			name = EverpobreTests;
			productName = EverpobreTests;
			productReference = 4011D5EF2051CED100D3B262 /* EverpobreTests.xctest */;
			productType = "com.apple.product-type.bundle.unit-test";
		};
/* End PBXNativeTarget section */

/* Begin PBXProject section */
		4011D5D32051CED100D3B262 /* Project object */ = {
			isa = PBXProject;
			attributes = {
				LastSwiftUpdateCheck = 0920;
				LastUpgradeCheck = 0930;
				ORGANIZATIONNAME = Cbb;
				TargetAttributes = {
					4011D5DA2051CED100D3B262 = {
						CreatedOnToolsVersion = 9.2;
						ProvisioningStyle = Automatic;
					};
					4011D5EE2051CED100D3B262 = {
						CreatedOnToolsVersion = 9.2;
						ProvisioningStyle = Automatic;
						TestTargetID = 4011D5DA2051CED100D3B262;
					};
				};
			};
			buildConfigurationList = 4011D5D62051CED100D3B262 /* Build configuration list for PBXProject "Everpobre" */;
			compatibilityVersion = "Xcode 8.0";
			developmentRegion = en;
			hasScannedForEncodings = 0;
			knownRegions = (
				en,
				Base,
				es,
			);
			mainGroup = 4011D5D22051CED100D3B262;
			productRefGroup = 4011D5DC2051CED100D3B262 /* Products */;
			projectDirPath = "";
			projectRoot = "";
			targets = (
				4011D5DA2051CED100D3B262 /* Everpobre */,
				4011D5EE2051CED100D3B262 /* EverpobreTests */,
			);
		};
/* End PBXProject section */

/* Begin PBXResourcesBuildPhase section */
		4011D5D92051CED100D3B262 /* Resources */ = {
			isa = PBXResourcesBuildPhase;
			buildActionMask = 2147483647;
			files = (
				409A32CD208B95A40032F881 /* delete.png in Resources */,
				409A32CA208B95A40032F881 /* noDefaultNotebook.png in Resources */,
				4011D5FF2051CF2A00D3B262 /* Launch Screen.storyboard in Resources */,
				409A32CF208BA8300032F881 /* edit.png in Resources */,
				409A32CC208B95A40032F881 /* addNote.png in Resources */,
				4011D5E62051CED100D3B262 /* Assets.xcassets in Resources */,
				409A32C9208B95A40032F881 /* addBook.png in Resources */,
				409A32B9208AAD390032F881 /* Localizable.strings in Resources */,
				409A32AF208A0C0D0032F881 /* LocationViewController.xib in Resources */,
				4028E5DA2088DED900C3812D /* BlankViewController.xib in Resources */,
				409A32CB208B95A40032F881 /* defaultNotebook.png in Resources */,
				409A32B1208A29D20032F881 /* gpsFixed.png in Resources */,
			);
			runOnlyForDeploymentPostprocessing = 0;
		};
		4011D5ED2051CED100D3B262 /* Resources */ = {
			isa = PBXResourcesBuildPhase;
			buildActionMask = 2147483647;
			files = (
			);
			runOnlyForDeploymentPostprocessing = 0;
		};
/* End PBXResourcesBuildPhase section */

/* Begin PBXShellScriptBuildPhase section */
		409D5BBE207A255C00690C4B /* ShellScript */ = {
			isa = PBXShellScriptBuildPhase;
			buildActionMask = 2147483647;
			files = (
			);
			inputPaths = (
				"$(SRCROOT)/Carthage/Build/iOS/WSTagsField.framework",
				"$(SRCROOT)/Carthage/Build/iOS/SkyFloatingLabelTextField.framework",
			);
			outputPaths = (
				"$(BUILT_PRODUCTS_DIR)/$(FRAMEWORKS_FOLDER_PATH)/WSTagsField.framework",
				"$(BUILT_PRODUCTS_DIR)/$(FRAMEWORKS_FOLDER_PATH)/SkyFloatingLabelTextField.framework",
			);
			runOnlyForDeploymentPostprocessing = 0;
			shellPath = /bin/sh;
			shellScript = "/usr/local/bin/carthage copy-frameworks";
		};
/* End PBXShellScriptBuildPhase section */

/* Begin PBXSourcesBuildPhase section */
		4011D5D72051CED100D3B262 /* Sources */ = {
			isa = PBXSourcesBuildPhase;
			buildActionMask = 2147483647;
			files = (
				40A025BA20879500009B74DF /* _Notebook.swift in Sources */,
				40A025BB20879500009B74DF /* _NoteImage.swift in Sources */,
				409A32D3208BA9D20032F881 /* NotebooksTableViewController+Delegates.swift in Sources */,
				409D5BB32078E0A000690C4B /* NotebooksTableViewController.swift in Sources */,
				4011D5DF2051CED100D3B262 /* AppDelegate.swift in Sources */,
				40A025B920879500009B74DF /* Notebook.swift in Sources */,
				409A32B4208AAA4B0032F881 /* LocationViewController+Gestures.swift in Sources */,
				40A025B820879500009B74DF /* Note.swift in Sources */,
				409A32AA208A07670032F881 /* NoteImageViewController+Gestures.swift in Sources */,
				409A32C1208B68A90032F881 /* NotebookCell.swift in Sources */,
				409A32D1208BA99E0032F881 /* NotebooksTableViewController+Datasource.swift in Sources */,
				409A32AE208A0C0D0032F881 /* LocationViewController.swift in Sources */,
				40A025BD20879500009B74DF /* _Note.swift in Sources */,
				40577A06208777E90075E2BE /* CoreDataContainer.swift in Sources */,
				40A025BC20879500009B74DF /* NoteImage.swift in Sources */,
				40F7E9D5208BD91D0078A218 /* NoteViewController+Datasource.swift in Sources */,
				40264E302088034400F0E256 /* Everpobre.xcdatamodeld in Sources */,
				4028E5DD2088E21300C3812D /* UISplitViewController+Additions.swift in Sources */,
				409A32C3208B8F3D0032F881 /* NotebookHeader.swift in Sources */,
				409D5BB52078E94E00690C4B /* NoteViewController.swift in Sources */,
				4028E5D92088DED900C3812D /* BlankViewController.swift in Sources */,
				409A32A6208A063B0032F881 /* NoteViewController+Gestures.swift in Sources */,
				409E2E7D208516E100BDB7EB /* NoteImageViewController.swift in Sources */,
				409A32A4208A06050032F881 /* NoteViewController+Events.swift in Sources */,
				409A32B6208AAA570032F881 /* LocationViewController+Delegates.swift in Sources */,
				409A32A8208A06B80032F881 /* NoteViewController+Delegates.swift in Sources */,
			);
			runOnlyForDeploymentPostprocessing = 0;
		};
		4011D5EB2051CED100D3B262 /* Sources */ = {
			isa = PBXSourcesBuildPhase;
			buildActionMask = 2147483647;
			files = (
				4011D5F42051CED100D3B262 /* EverpobreTests.swift in Sources */,
			);
			runOnlyForDeploymentPostprocessing = 0;
		};
/* End PBXSourcesBuildPhase section */

/* Begin PBXTargetDependency section */
		4011D5F12051CED100D3B262 /* PBXTargetDependency */ = {
			isa = PBXTargetDependency;
			target = 4011D5DA2051CED100D3B262 /* Everpobre */;
			targetProxy = 4011D5F02051CED100D3B262 /* PBXContainerItemProxy */;
		};
/* End PBXTargetDependency section */

/* Begin PBXVariantGroup section */
		409A32BB208AAD390032F881 /* Localizable.strings */ = {
			isa = PBXVariantGroup;
			children = (
				409A32BD208AAD670032F881 /* Base */,
				40F7E9D7208CF7DA0078A218 /* es */,
			);
			name = Localizable.strings;
			sourceTree = "<group>";
		};
/* End PBXVariantGroup section */

/* Begin XCBuildConfiguration section */
		4011D5F62051CED100D3B262 /* Debug */ = {
			isa = XCBuildConfiguration;
			buildSettings = {
				ALWAYS_SEARCH_USER_PATHS = NO;
				CLANG_ANALYZER_LOCALIZABILITY_NONLOCALIZED = YES;
				CLANG_ANALYZER_NONNULL = YES;
				CLANG_ANALYZER_NUMBER_OBJECT_CONVERSION = YES_AGGRESSIVE;
				CLANG_CXX_LANGUAGE_STANDARD = "gnu++14";
				CLANG_CXX_LIBRARY = "libc++";
				CLANG_ENABLE_MODULES = YES;
				CLANG_ENABLE_OBJC_ARC = YES;
				CLANG_WARN_BLOCK_CAPTURE_AUTORELEASING = YES;
				CLANG_WARN_BOOL_CONVERSION = YES;
				CLANG_WARN_COMMA = YES;
				CLANG_WARN_CONSTANT_CONVERSION = YES;
				CLANG_WARN_DEPRECATED_OBJC_IMPLEMENTATIONS = YES;
				CLANG_WARN_DIRECT_OBJC_ISA_USAGE = YES_ERROR;
				CLANG_WARN_DOCUMENTATION_COMMENTS = YES;
				CLANG_WARN_EMPTY_BODY = YES;
				CLANG_WARN_ENUM_CONVERSION = YES;
				CLANG_WARN_INFINITE_RECURSION = YES;
				CLANG_WARN_INT_CONVERSION = YES;
				CLANG_WARN_NON_LITERAL_NULL_CONVERSION = YES;
				CLANG_WARN_OBJC_IMPLICIT_RETAIN_SELF = YES;
				CLANG_WARN_OBJC_LITERAL_CONVERSION = YES;
				CLANG_WARN_OBJC_ROOT_CLASS = YES_ERROR;
				CLANG_WARN_RANGE_LOOP_ANALYSIS = YES;
				CLANG_WARN_STRICT_PROTOTYPES = YES;
				CLANG_WARN_SUSPICIOUS_MOVE = YES;
				CLANG_WARN_UNGUARDED_AVAILABILITY = YES_AGGRESSIVE;
				CLANG_WARN_UNREACHABLE_CODE = YES;
				CLANG_WARN__DUPLICATE_METHOD_MATCH = YES;
				CODE_SIGN_IDENTITY = "iPhone Developer";
				COPY_PHASE_STRIP = NO;
				DEBUG_INFORMATION_FORMAT = dwarf;
				ENABLE_STRICT_OBJC_MSGSEND = YES;
				ENABLE_TESTABILITY = YES;
				GCC_C_LANGUAGE_STANDARD = gnu11;
				GCC_DYNAMIC_NO_PIC = NO;
				GCC_NO_COMMON_BLOCKS = YES;
				GCC_OPTIMIZATION_LEVEL = 0;
				GCC_PREPROCESSOR_DEFINITIONS = (
					"DEBUG=1",
					"$(inherited)",
				);
				GCC_WARN_64_TO_32_BIT_CONVERSION = YES;
				GCC_WARN_ABOUT_RETURN_TYPE = YES_ERROR;
				GCC_WARN_UNDECLARED_SELECTOR = YES;
				GCC_WARN_UNINITIALIZED_AUTOS = YES_AGGRESSIVE;
				GCC_WARN_UNUSED_FUNCTION = YES;
				GCC_WARN_UNUSED_VARIABLE = YES;
				IPHONEOS_DEPLOYMENT_TARGET = 11.2;
				MTL_ENABLE_DEBUG_INFO = YES;
				ONLY_ACTIVE_ARCH = YES;
				SDKROOT = iphoneos;
				SWIFT_ACTIVE_COMPILATION_CONDITIONS = DEBUG;
				SWIFT_OPTIMIZATION_LEVEL = "-Onone";
			};
			name = Debug;
		};
		4011D5F72051CED100D3B262 /* Release */ = {
			isa = XCBuildConfiguration;
			buildSettings = {
				ALWAYS_SEARCH_USER_PATHS = NO;
				CLANG_ANALYZER_LOCALIZABILITY_NONLOCALIZED = YES;
				CLANG_ANALYZER_NONNULL = YES;
				CLANG_ANALYZER_NUMBER_OBJECT_CONVERSION = YES_AGGRESSIVE;
				CLANG_CXX_LANGUAGE_STANDARD = "gnu++14";
				CLANG_CXX_LIBRARY = "libc++";
				CLANG_ENABLE_MODULES = YES;
				CLANG_ENABLE_OBJC_ARC = YES;
				CLANG_WARN_BLOCK_CAPTURE_AUTORELEASING = YES;
				CLANG_WARN_BOOL_CONVERSION = YES;
				CLANG_WARN_COMMA = YES;
				CLANG_WARN_CONSTANT_CONVERSION = YES;
				CLANG_WARN_DEPRECATED_OBJC_IMPLEMENTATIONS = YES;
				CLANG_WARN_DIRECT_OBJC_ISA_USAGE = YES_ERROR;
				CLANG_WARN_DOCUMENTATION_COMMENTS = YES;
				CLANG_WARN_EMPTY_BODY = YES;
				CLANG_WARN_ENUM_CONVERSION = YES;
				CLANG_WARN_INFINITE_RECURSION = YES;
				CLANG_WARN_INT_CONVERSION = YES;
				CLANG_WARN_NON_LITERAL_NULL_CONVERSION = YES;
				CLANG_WARN_OBJC_IMPLICIT_RETAIN_SELF = YES;
				CLANG_WARN_OBJC_LITERAL_CONVERSION = YES;
				CLANG_WARN_OBJC_ROOT_CLASS = YES_ERROR;
				CLANG_WARN_RANGE_LOOP_ANALYSIS = YES;
				CLANG_WARN_STRICT_PROTOTYPES = YES;
				CLANG_WARN_SUSPICIOUS_MOVE = YES;
				CLANG_WARN_UNGUARDED_AVAILABILITY = YES_AGGRESSIVE;
				CLANG_WARN_UNREACHABLE_CODE = YES;
				CLANG_WARN__DUPLICATE_METHOD_MATCH = YES;
				CODE_SIGN_IDENTITY = "iPhone Developer";
				COPY_PHASE_STRIP = NO;
				DEBUG_INFORMATION_FORMAT = "dwarf-with-dsym";
				ENABLE_NS_ASSERTIONS = NO;
				ENABLE_STRICT_OBJC_MSGSEND = YES;
				GCC_C_LANGUAGE_STANDARD = gnu11;
				GCC_NO_COMMON_BLOCKS = YES;
				GCC_WARN_64_TO_32_BIT_CONVERSION = YES;
				GCC_WARN_ABOUT_RETURN_TYPE = YES_ERROR;
				GCC_WARN_UNDECLARED_SELECTOR = YES;
				GCC_WARN_UNINITIALIZED_AUTOS = YES_AGGRESSIVE;
				GCC_WARN_UNUSED_FUNCTION = YES;
				GCC_WARN_UNUSED_VARIABLE = YES;
				IPHONEOS_DEPLOYMENT_TARGET = 11.2;
				MTL_ENABLE_DEBUG_INFO = NO;
				SDKROOT = iphoneos;
				SWIFT_OPTIMIZATION_LEVEL = "-Owholemodule";
				VALIDATE_PRODUCT = YES;
			};
			name = Release;
		};
		4011D5F92051CED100D3B262 /* Debug */ = {
			isa = XCBuildConfiguration;
			buildSettings = {
				ASSETCATALOG_COMPILER_APPICON_NAME = AppIcon;
				CODE_SIGN_STYLE = Automatic;
				FRAMEWORK_SEARCH_PATHS = (
					"$(inherited)",
					"$(PROJECT_DIR)/Carthage/Build/iOS",
				);
				INFOPLIST_FILE = Everpobre/Info.plist;
				LD_RUNPATH_SEARCH_PATHS = "$(inherited) @executable_path/Frameworks";
				PRODUCT_BUNDLE_IDENTIFIER = Cbb.Everpobre;
				PRODUCT_NAME = "$(TARGET_NAME)";
				SWIFT_VERSION = 4.0;
				TARGETED_DEVICE_FAMILY = "1,2";
			};
			name = Debug;
		};
		4011D5FA2051CED100D3B262 /* Release */ = {
			isa = XCBuildConfiguration;
			buildSettings = {
				ASSETCATALOG_COMPILER_APPICON_NAME = AppIcon;
				CODE_SIGN_STYLE = Automatic;
				FRAMEWORK_SEARCH_PATHS = (
					"$(inherited)",
					"$(PROJECT_DIR)/Carthage/Build/iOS",
				);
				INFOPLIST_FILE = Everpobre/Info.plist;
				LD_RUNPATH_SEARCH_PATHS = "$(inherited) @executable_path/Frameworks";
				PRODUCT_BUNDLE_IDENTIFIER = Cbb.Everpobre;
				PRODUCT_NAME = "$(TARGET_NAME)";
				SWIFT_VERSION = 4.0;
				TARGETED_DEVICE_FAMILY = "1,2";
			};
			name = Release;
		};
		4011D5FC2051CED100D3B262 /* Debug */ = {
			isa = XCBuildConfiguration;
			buildSettings = {
				ALWAYS_EMBED_SWIFT_STANDARD_LIBRARIES = YES;
				BUNDLE_LOADER = "$(TEST_HOST)";
				CODE_SIGN_STYLE = Automatic;
				INFOPLIST_FILE = EverpobreTests/Info.plist;
				LD_RUNPATH_SEARCH_PATHS = "$(inherited) @executable_path/Frameworks @loader_path/Frameworks";
				PRODUCT_BUNDLE_IDENTIFIER = Cbb.EverpobreTests;
				PRODUCT_NAME = "$(TARGET_NAME)";
				SWIFT_VERSION = 4.0;
				TARGETED_DEVICE_FAMILY = "1,2";
				TEST_HOST = "$(BUILT_PRODUCTS_DIR)/Everpobre.app/Everpobre";
			};
			name = Debug;
		};
		4011D5FD2051CED100D3B262 /* Release */ = {
			isa = XCBuildConfiguration;
			buildSettings = {
				ALWAYS_EMBED_SWIFT_STANDARD_LIBRARIES = YES;
				BUNDLE_LOADER = "$(TEST_HOST)";
				CODE_SIGN_STYLE = Automatic;
				INFOPLIST_FILE = EverpobreTests/Info.plist;
				LD_RUNPATH_SEARCH_PATHS = "$(inherited) @executable_path/Frameworks @loader_path/Frameworks";
				PRODUCT_BUNDLE_IDENTIFIER = Cbb.EverpobreTests;
				PRODUCT_NAME = "$(TARGET_NAME)";
				SWIFT_VERSION = 4.0;
				TARGETED_DEVICE_FAMILY = "1,2";
				TEST_HOST = "$(BUILT_PRODUCTS_DIR)/Everpobre.app/Everpobre";
			};
			name = Release;
		};
/* End XCBuildConfiguration section */

/* Begin XCConfigurationList section */
		4011D5D62051CED100D3B262 /* Build configuration list for PBXProject "Everpobre" */ = {
			isa = XCConfigurationList;
			buildConfigurations = (
				4011D5F62051CED100D3B262 /* Debug */,
				4011D5F72051CED100D3B262 /* Release */,
			);
			defaultConfigurationIsVisible = 0;
			defaultConfigurationName = Release;
		};
		4011D5F82051CED100D3B262 /* Build configuration list for PBXNativeTarget "Everpobre" */ = {
			isa = XCConfigurationList;
			buildConfigurations = (
				4011D5F92051CED100D3B262 /* Debug */,
				4011D5FA2051CED100D3B262 /* Release */,
			);
			defaultConfigurationIsVisible = 0;
			defaultConfigurationName = Release;
		};
		4011D5FB2051CED100D3B262 /* Build configuration list for PBXNativeTarget "EverpobreTests" */ = {
			isa = XCConfigurationList;
			buildConfigurations = (
				4011D5FC2051CED100D3B262 /* Debug */,
				4011D5FD2051CED100D3B262 /* Release */,
			);
			defaultConfigurationIsVisible = 0;
			defaultConfigurationName = Release;
		};
/* End XCConfigurationList section */

/* Begin XCVersionGroup section */
		40264E2E2088034400F0E256 /* Everpobre.xcdatamodeld */ = {
			isa = XCVersionGroup;
			children = (
				40264E2F2088034400F0E256 /* Model.xcdatamodel */,
			);
			currentVersion = 40264E2F2088034400F0E256 /* Model.xcdatamodel */;
			path = Everpobre.xcdatamodeld;
			sourceTree = "<group>";
			versionGroupType = wrapper.xcdatamodel;
		};
/* End XCVersionGroup section */
	};
	rootObject = 4011D5D32051CED100D3B262 /* Project object */;
}
